// !$*UTF8*$!
{
	archiveVersion = 1;
	classes = {
	};
	objectVersion = 56;
	objects = {

/* Begin PBXBuildFile section */
		33DF02182A092D9200D2FB6A /* AppDelegate.swift in Sources */ = {isa = PBXBuildFile; fileRef = 33DF02172A092D9200D2FB6A /* AppDelegate.swift */; };
		33DF021A2A092D9200D2FB6A /* SceneDelegate.swift in Sources */ = {isa = PBXBuildFile; fileRef = 33DF02192A092D9200D2FB6A /* SceneDelegate.swift */; };
		33DF021C2A092D9200D2FB6A /* SplashViewController.swift in Sources */ = {isa = PBXBuildFile; fileRef = 33DF021B2A092D9200D2FB6A /* SplashViewController.swift */; };
		33DF02222A092D9200D2FB6A /* YourSong.xcdatamodeld in Sources */ = {isa = PBXBuildFile; fileRef = 33DF02202A092D9200D2FB6A /* YourSong.xcdatamodeld */; };
		33DF02242A092D9400D2FB6A /* Assets.xcassets in Resources */ = {isa = PBXBuildFile; fileRef = 33DF02232A092D9400D2FB6A /* Assets.xcassets */; };
		33DF02272A092D9400D2FB6A /* LaunchScreen.storyboard in Resources */ = {isa = PBXBuildFile; fileRef = 33DF02252A092D9400D2FB6A /* LaunchScreen.storyboard */; };
		33DF02302A093E8A00D2FB6A /* AppColors.swift in Sources */ = {isa = PBXBuildFile; fileRef = 33DF022F2A093E8A00D2FB6A /* AppColors.swift */; };
		33DF02342A0A2B9800D2FB6A /* AppImages.swift in Sources */ = {isa = PBXBuildFile; fileRef = 33DF02332A0A2B9800D2FB6A /* AppImages.swift */; };
		33DF02362A0A2C6300D2FB6A /* CustomImageView.swift in Sources */ = {isa = PBXBuildFile; fileRef = 33DF02352A0A2C6300D2FB6A /* CustomImageView.swift */; };
		33DF02382A0A2DA800D2FB6A /* MusicCategoriesViewController.swift in Sources */ = {isa = PBXBuildFile; fileRef = 33DF02372A0A2DA800D2FB6A /* MusicCategoriesViewController.swift */; };
		33DF023A2A0A2FC100D2FB6A /* FavoritesViewController.swift in Sources */ = {isa = PBXBuildFile; fileRef = 33DF02392A0A2FC100D2FB6A /* FavoritesViewController.swift */; };
		33DF023C2A0A3F1F00D2FB6A /* CustomCollectionView.swift in Sources */ = {isa = PBXBuildFile; fileRef = 33DF023B2A0A3F1F00D2FB6A /* CustomCollectionView.swift */; };
		33DF023E2A0A415C00D2FB6A /* CustomCollectionViewCell.swift in Sources */ = {isa = PBXBuildFile; fileRef = 33DF023D2A0A415C00D2FB6A /* CustomCollectionViewCell.swift */; };
		33DF02402A0A5F5D00D2FB6A /* Constants.swift in Sources */ = {isa = PBXBuildFile; fileRef = 33DF023F2A0A5F5D00D2FB6A /* Constants.swift */; };
		33DF02432A0A751400D2FB6A /* NetworkManager.swift in Sources */ = {isa = PBXBuildFile; fileRef = 33DF02422A0A751400D2FB6A /* NetworkManager.swift */; };
		33DF02462A0A7F0200D2FB6A /* MusicModel.swift in Sources */ = {isa = PBXBuildFile; fileRef = 33DF02452A0A7F0200D2FB6A /* MusicModel.swift */; };
		33DF024A2A0ACA2A00D2FB6A /* ArtistCategoriesViewController.swift in Sources */ = {isa = PBXBuildFile; fileRef = 33DF02492A0ACA2A00D2FB6A /* ArtistCategoriesViewController.swift */; };
		33DF024D2A0B8EAB00D2FB6A /* CollectionViewExtention.swift in Sources */ = {isa = PBXBuildFile; fileRef = 33DF024C2A0B8EAB00D2FB6A /* CollectionViewExtention.swift */; };
		33DF024F2A0BC24500D2FB6A /* ArtistModel.swift in Sources */ = {isa = PBXBuildFile; fileRef = 33DF024E2A0BC24500D2FB6A /* ArtistModel.swift */; };
		33DF02512A0BDE0A00D2FB6A /* AlbumListViewController.swift in Sources */ = {isa = PBXBuildFile; fileRef = 33DF02502A0BDE0A00D2FB6A /* AlbumListViewController.swift */; };
		33DF02532A0BF2AC00D2FB6A /* CustomTableView.swift in Sources */ = {isa = PBXBuildFile; fileRef = 33DF02522A0BF2AC00D2FB6A /* CustomTableView.swift */; };
		33DF02552A0BF3A600D2FB6A /* CustomTableViewCell.swift in Sources */ = {isa = PBXBuildFile; fileRef = 33DF02542A0BF3A600D2FB6A /* CustomTableViewCell.swift */; };
		33DF02572A0BF4F700D2FB6A /* TableViewExtention.swift in Sources */ = {isa = PBXBuildFile; fileRef = 33DF02562A0BF4F700D2FB6A /* TableViewExtention.swift */; };
		33DF02592A0C023B00D2FB6A /* AlbumModel.swift in Sources */ = {isa = PBXBuildFile; fileRef = 33DF02582A0C023B00D2FB6A /* AlbumModel.swift */; };
		33DF025B2A0C12A800D2FB6A /* CustomTableViewCellDetail.swift in Sources */ = {isa = PBXBuildFile; fileRef = 33DF025A2A0C12A800D2FB6A /* CustomTableViewCellDetail.swift */; };
		33DF025D2A0C133500D2FB6A /* CustomTableViewFirstCell.swift in Sources */ = {isa = PBXBuildFile; fileRef = 33DF025C2A0C133500D2FB6A /* CustomTableViewFirstCell.swift */; };
		33DF025F2A0CF0C800D2FB6A /* CustomToolBar.swift in Sources */ = {isa = PBXBuildFile; fileRef = 33DF025E2A0CF0C800D2FB6A /* CustomToolBar.swift */; };
		33F962EA2A0D721200A29CAE /* SongListViewController.swift in Sources */ = {isa = PBXBuildFile; fileRef = 33F962E92A0D721200A29CAE /* SongListViewController.swift */; };
		33F962EE2A0F609400A29CAE /* SongModel.swift in Sources */ = {isa = PBXBuildFile; fileRef = 33F962ED2A0F609400A29CAE /* SongModel.swift */; };
		33F962F02A0F612D00A29CAE /* ContributorModel.swift in Sources */ = {isa = PBXBuildFile; fileRef = 33F962EF2A0F612D00A29CAE /* ContributorModel.swift */; };
		33F962F32A1009A900A29CAE /* CoreDataManager.swift in Sources */ = {isa = PBXBuildFile; fileRef = 33F962F22A1009A900A29CAE /* CoreDataManager.swift */; };
		33F962F62A10273400A29CAE /* LikedItem+CoreDataClass.swift in Sources */ = {isa = PBXBuildFile; fileRef = 33F962F42A10273400A29CAE /* LikedItem+CoreDataClass.swift */; };
		33F962F72A10273400A29CAE /* LikedItem+CoreDataProperties.swift in Sources */ = {isa = PBXBuildFile; fileRef = 33F962F52A10273400A29CAE /* LikedItem+CoreDataProperties.swift */; };
/* End PBXBuildFile section */

/* Begin PBXFileReference section */
		33DF02142A092D9200D2FB6A /* YourSong.app */ = {isa = PBXFileReference; explicitFileType = wrapper.application; includeInIndex = 0; path = YourSong.app; sourceTree = BUILT_PRODUCTS_DIR; };
		33DF02172A092D9200D2FB6A /* AppDelegate.swift */ = {isa = PBXFileReference; lastKnownFileType = sourcecode.swift; path = AppDelegate.swift; sourceTree = "<group>"; };
		33DF02192A092D9200D2FB6A /* SceneDelegate.swift */ = {isa = PBXFileReference; lastKnownFileType = sourcecode.swift; path = SceneDelegate.swift; sourceTree = "<group>"; };
		33DF021B2A092D9200D2FB6A /* SplashViewController.swift */ = {isa = PBXFileReference; lastKnownFileType = sourcecode.swift; path = SplashViewController.swift; sourceTree = "<group>"; };
		33DF02212A092D9200D2FB6A /* YourSong.xcdatamodel */ = {isa = PBXFileReference; lastKnownFileType = wrapper.xcdatamodel; path = YourSong.xcdatamodel; sourceTree = "<group>"; };
		33DF02232A092D9400D2FB6A /* Assets.xcassets */ = {isa = PBXFileReference; lastKnownFileType = folder.assetcatalog; path = Assets.xcassets; sourceTree = "<group>"; };
		33DF02262A092D9400D2FB6A /* Base */ = {isa = PBXFileReference; lastKnownFileType = file.storyboard; name = Base; path = Base.lproj/LaunchScreen.storyboard; sourceTree = "<group>"; };
		33DF02282A092D9400D2FB6A /* Info.plist */ = {isa = PBXFileReference; lastKnownFileType = text.plist.xml; path = Info.plist; sourceTree = "<group>"; };
		33DF022F2A093E8A00D2FB6A /* AppColors.swift */ = {isa = PBXFileReference; lastKnownFileType = sourcecode.swift; path = AppColors.swift; sourceTree = "<group>"; };
		33DF02332A0A2B9800D2FB6A /* AppImages.swift */ = {isa = PBXFileReference; lastKnownFileType = sourcecode.swift; path = AppImages.swift; sourceTree = "<group>"; };
		33DF02352A0A2C6300D2FB6A /* CustomImageView.swift */ = {isa = PBXFileReference; lastKnownFileType = sourcecode.swift; path = CustomImageView.swift; sourceTree = "<group>"; };
		33DF02372A0A2DA800D2FB6A /* MusicCategoriesViewController.swift */ = {isa = PBXFileReference; lastKnownFileType = sourcecode.swift; path = MusicCategoriesViewController.swift; sourceTree = "<group>"; };
		33DF02392A0A2FC100D2FB6A /* FavoritesViewController.swift */ = {isa = PBXFileReference; lastKnownFileType = sourcecode.swift; path = FavoritesViewController.swift; sourceTree = "<group>"; };
		33DF023B2A0A3F1F00D2FB6A /* CustomCollectionView.swift */ = {isa = PBXFileReference; lastKnownFileType = sourcecode.swift; path = CustomCollectionView.swift; sourceTree = "<group>"; };
		33DF023D2A0A415C00D2FB6A /* CustomCollectionViewCell.swift */ = {isa = PBXFileReference; lastKnownFileType = sourcecode.swift; path = CustomCollectionViewCell.swift; sourceTree = "<group>"; };
		33DF023F2A0A5F5D00D2FB6A /* Constants.swift */ = {isa = PBXFileReference; lastKnownFileType = sourcecode.swift; path = Constants.swift; sourceTree = "<group>"; };
		33DF02422A0A751400D2FB6A /* NetworkManager.swift */ = {isa = PBXFileReference; lastKnownFileType = sourcecode.swift; path = NetworkManager.swift; sourceTree = "<group>"; };
		33DF02452A0A7F0200D2FB6A /* MusicModel.swift */ = {isa = PBXFileReference; lastKnownFileType = sourcecode.swift; path = MusicModel.swift; sourceTree = "<group>"; };
		33DF02492A0ACA2A00D2FB6A /* ArtistCategoriesViewController.swift */ = {isa = PBXFileReference; lastKnownFileType = sourcecode.swift; path = ArtistCategoriesViewController.swift; sourceTree = "<group>"; };
		33DF024C2A0B8EAB00D2FB6A /* CollectionViewExtention.swift */ = {isa = PBXFileReference; lastKnownFileType = sourcecode.swift; path = CollectionViewExtention.swift; sourceTree = "<group>"; };
		33DF024E2A0BC24500D2FB6A /* ArtistModel.swift */ = {isa = PBXFileReference; lastKnownFileType = sourcecode.swift; path = ArtistModel.swift; sourceTree = "<group>"; };
		33DF02502A0BDE0A00D2FB6A /* AlbumListViewController.swift */ = {isa = PBXFileReference; lastKnownFileType = sourcecode.swift; path = AlbumListViewController.swift; sourceTree = "<group>"; };
		33DF02522A0BF2AC00D2FB6A /* CustomTableView.swift */ = {isa = PBXFileReference; lastKnownFileType = sourcecode.swift; path = CustomTableView.swift; sourceTree = "<group>"; };
		33DF02542A0BF3A600D2FB6A /* CustomTableViewCell.swift */ = {isa = PBXFileReference; lastKnownFileType = sourcecode.swift; path = CustomTableViewCell.swift; sourceTree = "<group>"; };
		33DF02562A0BF4F700D2FB6A /* TableViewExtention.swift */ = {isa = PBXFileReference; lastKnownFileType = sourcecode.swift; path = TableViewExtention.swift; sourceTree = "<group>"; };
		33DF02582A0C023B00D2FB6A /* AlbumModel.swift */ = {isa = PBXFileReference; lastKnownFileType = sourcecode.swift; path = AlbumModel.swift; sourceTree = "<group>"; };
		33DF025A2A0C12A800D2FB6A /* CustomTableViewCellDetail.swift */ = {isa = PBXFileReference; lastKnownFileType = sourcecode.swift; path = CustomTableViewCellDetail.swift; sourceTree = "<group>"; };
		33DF025C2A0C133500D2FB6A /* CustomTableViewFirstCell.swift */ = {isa = PBXFileReference; lastKnownFileType = sourcecode.swift; path = CustomTableViewFirstCell.swift; sourceTree = "<group>"; };
		33DF025E2A0CF0C800D2FB6A /* CustomToolBar.swift */ = {isa = PBXFileReference; lastKnownFileType = sourcecode.swift; path = CustomToolBar.swift; sourceTree = "<group>"; };
		33F962E92A0D721200A29CAE /* SongListViewController.swift */ = {isa = PBXFileReference; lastKnownFileType = sourcecode.swift; path = SongListViewController.swift; sourceTree = "<group>"; };
		33F962ED2A0F609400A29CAE /* SongModel.swift */ = {isa = PBXFileReference; lastKnownFileType = sourcecode.swift; path = SongModel.swift; sourceTree = "<group>"; };
		33F962EF2A0F612D00A29CAE /* ContributorModel.swift */ = {isa = PBXFileReference; lastKnownFileType = sourcecode.swift; path = ContributorModel.swift; sourceTree = "<group>"; };
		33F962F22A1009A900A29CAE /* CoreDataManager.swift */ = {isa = PBXFileReference; lastKnownFileType = sourcecode.swift; path = CoreDataManager.swift; sourceTree = "<group>"; };
		33F962F42A10273400A29CAE /* LikedItem+CoreDataClass.swift */ = {isa = PBXFileReference; lastKnownFileType = sourcecode.swift; path = "LikedItem+CoreDataClass.swift"; sourceTree = "<group>"; };
		33F962F52A10273400A29CAE /* LikedItem+CoreDataProperties.swift */ = {isa = PBXFileReference; lastKnownFileType = sourcecode.swift; path = "LikedItem+CoreDataProperties.swift"; sourceTree = "<group>"; };
/* End PBXFileReference section */

/* Begin PBXFrameworksBuildPhase section */
		33DF02112A092D9200D2FB6A /* Frameworks */ = {
			isa = PBXFrameworksBuildPhase;
			buildActionMask = 2147483647;
			files = (
			);
			runOnlyForDeploymentPostprocessing = 0;
		};
/* End PBXFrameworksBuildPhase section */

/* Begin PBXGroup section */
		33DF020B2A092D9200D2FB6A = {
			isa = PBXGroup;
			children = (
				33DF02162A092D9200D2FB6A /* YourSong */,
				33DF02152A092D9200D2FB6A /* Products */,
			);
			sourceTree = "<group>";
		};
		33DF02152A092D9200D2FB6A /* Products */ = {
			isa = PBXGroup;
			children = (
				33DF02142A092D9200D2FB6A /* YourSong.app */,
			);
			name = Products;
			sourceTree = "<group>";
		};
		33DF02162A092D9200D2FB6A /* YourSong */ = {
			isa = PBXGroup;
			children = (
				33F962F12A10099200A29CAE /* Database */,
				33DF024B2A0B8E8500D2FB6A /* Extentions */,
				33DF02412A0A74FC00D2FB6A /* Network */,
				33DF02322A0A29A400D2FB6A /* View */,
				33DF02312A0A299900D2FB6A /* Controller */,
				33DF022E2A093E5A00D2FB6A /* Utilities */,
				33DF02442A0A7EDE00D2FB6A /* Model */,
				33DF02172A092D9200D2FB6A /* AppDelegate.swift */,
				33DF02192A092D9200D2FB6A /* SceneDelegate.swift */,
				33DF02232A092D9400D2FB6A /* Assets.xcassets */,
				33DF02252A092D9400D2FB6A /* LaunchScreen.storyboard */,
				33DF02282A092D9400D2FB6A /* Info.plist */,
			);
			path = YourSong;
			sourceTree = "<group>";
		};
		33DF022E2A093E5A00D2FB6A /* Utilities */ = {
			isa = PBXGroup;
			children = (
				33DF022F2A093E8A00D2FB6A /* AppColors.swift */,
				33DF02332A0A2B9800D2FB6A /* AppImages.swift */,
				33DF023F2A0A5F5D00D2FB6A /* Constants.swift */,
			);
			path = Utilities;
			sourceTree = "<group>";
		};
		33DF02312A0A299900D2FB6A /* Controller */ = {
			isa = PBXGroup;
			children = (
				33DF021B2A092D9200D2FB6A /* SplashViewController.swift */,
				33DF02372A0A2DA800D2FB6A /* MusicCategoriesViewController.swift */,
				33DF02392A0A2FC100D2FB6A /* FavoritesViewController.swift */,
				33DF02492A0ACA2A00D2FB6A /* ArtistCategoriesViewController.swift */,
				33DF02502A0BDE0A00D2FB6A /* AlbumListViewController.swift */,
				33F962E92A0D721200A29CAE /* SongListViewController.swift */,
			);
			path = Controller;
			sourceTree = "<group>";
		};
		33DF02322A0A29A400D2FB6A /* View */ = {
			isa = PBXGroup;
			children = (
				33DF025E2A0CF0C800D2FB6A /* CustomToolBar.swift */,
				33DF02352A0A2C6300D2FB6A /* CustomImageView.swift */,
				33DF023B2A0A3F1F00D2FB6A /* CustomCollectionView.swift */,
				33DF023D2A0A415C00D2FB6A /* CustomCollectionViewCell.swift */,
				33DF02522A0BF2AC00D2FB6A /* CustomTableView.swift */,
				33DF02542A0BF3A600D2FB6A /* CustomTableViewCell.swift */,
				33DF025A2A0C12A800D2FB6A /* CustomTableViewCellDetail.swift */,
				33DF025C2A0C133500D2FB6A /* CustomTableViewFirstCell.swift */,
			);
			path = View;
			sourceTree = "<group>";
		};
		33DF02412A0A74FC00D2FB6A /* Network */ = {
			isa = PBXGroup;
			children = (
				33DF02422A0A751400D2FB6A /* NetworkManager.swift */,
			);
			path = Network;
			sourceTree = "<group>";
		};
		33DF02442A0A7EDE00D2FB6A /* Model */ = {
			isa = PBXGroup;
			children = (
				33DF02452A0A7F0200D2FB6A /* MusicModel.swift */,
				33DF024E2A0BC24500D2FB6A /* ArtistModel.swift */,
				33DF02582A0C023B00D2FB6A /* AlbumModel.swift */,
				33F962ED2A0F609400A29CAE /* SongModel.swift */,
				33F962EF2A0F612D00A29CAE /* ContributorModel.swift */,
			);
			path = Model;
			sourceTree = "<group>";
		};
		33DF024B2A0B8E8500D2FB6A /* Extentions */ = {
			isa = PBXGroup;
			children = (
				33DF024C2A0B8EAB00D2FB6A /* CollectionViewExtention.swift */,
				33DF02562A0BF4F700D2FB6A /* TableViewExtention.swift */,
			);
			path = Extentions;
			sourceTree = "<group>";
		};
		33F962F12A10099200A29CAE /* Database */ = {
			isa = PBXGroup;
			children = (
				33F962F42A10273400A29CAE /* LikedItem+CoreDataClass.swift */,
				33F962F52A10273400A29CAE /* LikedItem+CoreDataProperties.swift */,
				33DF02202A092D9200D2FB6A /* YourSong.xcdatamodeld */,
				33F962F22A1009A900A29CAE /* CoreDataManager.swift */,
			);
			path = Database;
			sourceTree = "<group>";
		};
/* End PBXGroup section */

/* Begin PBXNativeTarget section */
		33DF02132A092D9200D2FB6A /* YourSong */ = {
			isa = PBXNativeTarget;
			buildConfigurationList = 33DF022B2A092D9400D2FB6A /* Build configuration list for PBXNativeTarget "YourSong" */;
			buildPhases = (
				33DF02102A092D9200D2FB6A /* Sources */,
				33DF02112A092D9200D2FB6A /* Frameworks */,
				33DF02122A092D9200D2FB6A /* Resources */,
			);
			buildRules = (
			);
			dependencies = (
			);
			name = YourSong;
			productName = YourSong;
			productReference = 33DF02142A092D9200D2FB6A /* YourSong.app */;
			productType = "com.apple.product-type.application";
		};
/* End PBXNativeTarget section */

/* Begin PBXProject section */
		33DF020C2A092D9200D2FB6A /* Project object */ = {
			isa = PBXProject;
			attributes = {
				BuildIndependentTargetsInParallel = 1;
				LastSwiftUpdateCheck = 1400;
				LastUpgradeCheck = 1400;
				TargetAttributes = {
					33DF02132A092D9200D2FB6A = {
						CreatedOnToolsVersion = 14.0.1;
					};
				};
			};
			buildConfigurationList = 33DF020F2A092D9200D2FB6A /* Build configuration list for PBXProject "YourSong" */;
			compatibilityVersion = "Xcode 14.0";
			developmentRegion = en;
			hasScannedForEncodings = 0;
			knownRegions = (
				en,
				Base,
			);
			mainGroup = 33DF020B2A092D9200D2FB6A;
			productRefGroup = 33DF02152A092D9200D2FB6A /* Products */;
			projectDirPath = "";
			projectRoot = "";
			targets = (
				33DF02132A092D9200D2FB6A /* YourSong */,
			);
		};
/* End PBXProject section */

/* Begin PBXResourcesBuildPhase section */
		33DF02122A092D9200D2FB6A /* Resources */ = {
			isa = PBXResourcesBuildPhase;
			buildActionMask = 2147483647;
			files = (
				33DF02272A092D9400D2FB6A /* LaunchScreen.storyboard in Resources */,
				33DF02242A092D9400D2FB6A /* Assets.xcassets in Resources */,
			);
			runOnlyForDeploymentPostprocessing = 0;
		};
/* End PBXResourcesBuildPhase section */

/* Begin PBXSourcesBuildPhase section */
		33DF02102A092D9200D2FB6A /* Sources */ = {
			isa = PBXSourcesBuildPhase;
			buildActionMask = 2147483647;
			files = (
				33DF021C2A092D9200D2FB6A /* SplashViewController.swift in Sources */,
				33DF025F2A0CF0C800D2FB6A /* CustomToolBar.swift in Sources */,
				33DF02532A0BF2AC00D2FB6A /* CustomTableView.swift in Sources */,
				33DF023A2A0A2FC100D2FB6A /* FavoritesViewController.swift in Sources */,
				33F962F62A10273400A29CAE /* LikedItem+CoreDataClass.swift in Sources */,
				33DF02342A0A2B9800D2FB6A /* AppImages.swift in Sources */,
				33DF024F2A0BC24500D2FB6A /* ArtistModel.swift in Sources */,
				33DF02572A0BF4F700D2FB6A /* TableViewExtention.swift in Sources */,
				33DF02462A0A7F0200D2FB6A /* MusicModel.swift in Sources */,
				33DF02552A0BF3A600D2FB6A /* CustomTableViewCell.swift in Sources */,
				33DF02432A0A751400D2FB6A /* NetworkManager.swift in Sources */,
				33F962EE2A0F609400A29CAE /* SongModel.swift in Sources */,
				33DF025B2A0C12A800D2FB6A /* CustomTableViewCellDetail.swift in Sources */,
				33DF02182A092D9200D2FB6A /* AppDelegate.swift in Sources */,
				33DF02362A0A2C6300D2FB6A /* CustomImageView.swift in Sources */,
				33F962F72A10273400A29CAE /* LikedItem+CoreDataProperties.swift in Sources */,
				33DF023C2A0A3F1F00D2FB6A /* CustomCollectionView.swift in Sources */,
				33DF02382A0A2DA800D2FB6A /* MusicCategoriesViewController.swift in Sources */,
				33DF02512A0BDE0A00D2FB6A /* AlbumListViewController.swift in Sources */,
				33F962F32A1009A900A29CAE /* CoreDataManager.swift in Sources */,
				33DF024A2A0ACA2A00D2FB6A /* ArtistCategoriesViewController.swift in Sources */,
				33DF021A2A092D9200D2FB6A /* SceneDelegate.swift in Sources */,
				33DF02302A093E8A00D2FB6A /* AppColors.swift in Sources */,
				33DF02222A092D9200D2FB6A /* YourSong.xcdatamodeld in Sources */,
				33DF024D2A0B8EAB00D2FB6A /* CollectionViewExtention.swift in Sources */,
				33F962EA2A0D721200A29CAE /* SongListViewController.swift in Sources */,
				33DF02592A0C023B00D2FB6A /* AlbumModel.swift in Sources */,
				33F962F02A0F612D00A29CAE /* ContributorModel.swift in Sources */,
				33DF023E2A0A415C00D2FB6A /* CustomCollectionViewCell.swift in Sources */,
				33DF02402A0A5F5D00D2FB6A /* Constants.swift in Sources */,
				33DF025D2A0C133500D2FB6A /* CustomTableViewFirstCell.swift in Sources */,
			);
			runOnlyForDeploymentPostprocessing = 0;
		};
/* End PBXSourcesBuildPhase section */

/* Begin PBXVariantGroup section */
		33DF02252A092D9400D2FB6A /* LaunchScreen.storyboard */ = {
			isa = PBXVariantGroup;
			children = (
				33DF02262A092D9400D2FB6A /* Base */,
			);
			name = LaunchScreen.storyboard;
			sourceTree = "<group>";
		};
/* End PBXVariantGroup section */

/* Begin XCBuildConfiguration section */
		33DF02292A092D9400D2FB6A /* Debug */ = {
			isa = XCBuildConfiguration;
			buildSettings = {
				ALWAYS_SEARCH_USER_PATHS = NO;
				CLANG_ANALYZER_NONNULL = YES;
				CLANG_ANALYZER_NUMBER_OBJECT_CONVERSION = YES_AGGRESSIVE;
				CLANG_CXX_LANGUAGE_STANDARD = "gnu++20";
				CLANG_ENABLE_MODULES = YES;
				CLANG_ENABLE_OBJC_ARC = YES;
				CLANG_ENABLE_OBJC_WEAK = YES;
				CLANG_WARN_BLOCK_CAPTURE_AUTORELEASING = YES;
				CLANG_WARN_BOOL_CONVERSION = YES;
				CLANG_WARN_COMMA = YES;
				CLANG_WARN_CONSTANT_CONVERSION = YES;
				CLANG_WARN_DEPRECATED_OBJC_IMPLEMENTATIONS = YES;
				CLANG_WARN_DIRECT_OBJC_ISA_USAGE = YES_ERROR;
				CLANG_WARN_DOCUMENTATION_COMMENTS = YES;
				CLANG_WARN_EMPTY_BODY = YES;
				CLANG_WARN_ENUM_CONVERSION = YES;
				CLANG_WARN_INFINITE_RECURSION = YES;
				CLANG_WARN_INT_CONVERSION = YES;
				CLANG_WARN_NON_LITERAL_NULL_CONVERSION = YES;
				CLANG_WARN_OBJC_IMPLICIT_RETAIN_SELF = YES;
				CLANG_WARN_OBJC_LITERAL_CONVERSION = YES;
				CLANG_WARN_OBJC_ROOT_CLASS = YES_ERROR;
				CLANG_WARN_QUOTED_INCLUDE_IN_FRAMEWORK_HEADER = YES;
				CLANG_WARN_RANGE_LOOP_ANALYSIS = YES;
				CLANG_WARN_STRICT_PROTOTYPES = YES;
				CLANG_WARN_SUSPICIOUS_MOVE = YES;
				CLANG_WARN_UNGUARDED_AVAILABILITY = YES_AGGRESSIVE;
				CLANG_WARN_UNREACHABLE_CODE = YES;
				CLANG_WARN__DUPLICATE_METHOD_MATCH = YES;
				COPY_PHASE_STRIP = NO;
				DEBUG_INFORMATION_FORMAT = dwarf;
				ENABLE_STRICT_OBJC_MSGSEND = YES;
				ENABLE_TESTABILITY = YES;
				GCC_C_LANGUAGE_STANDARD = gnu11;
				GCC_DYNAMIC_NO_PIC = NO;
				GCC_NO_COMMON_BLOCKS = YES;
				GCC_OPTIMIZATION_LEVEL = 0;
				GCC_PREPROCESSOR_DEFINITIONS = (
					"DEBUG=1",
					"$(inherited)",
				);
				GCC_WARN_64_TO_32_BIT_CONVERSION = YES;
				GCC_WARN_ABOUT_RETURN_TYPE = YES_ERROR;
				GCC_WARN_UNDECLARED_SELECTOR = YES;
				GCC_WARN_UNINITIALIZED_AUTOS = YES_AGGRESSIVE;
				GCC_WARN_UNUSED_FUNCTION = YES;
				GCC_WARN_UNUSED_VARIABLE = YES;
				IPHONEOS_DEPLOYMENT_TARGET = 16.0;
				MTL_ENABLE_DEBUG_INFO = INCLUDE_SOURCE;
				MTL_FAST_MATH = YES;
				ONLY_ACTIVE_ARCH = YES;
				SDKROOT = iphoneos;
				SWIFT_ACTIVE_COMPILATION_CONDITIONS = DEBUG;
				SWIFT_OPTIMIZATION_LEVEL = "-Onone";
			};
			name = Debug;
		};
		33DF022A2A092D9400D2FB6A /* Release */ = {
			isa = XCBuildConfiguration;
			buildSettings = {
				ALWAYS_SEARCH_USER_PATHS = NO;
				CLANG_ANALYZER_NONNULL = YES;
				CLANG_ANALYZER_NUMBER_OBJECT_CONVERSION = YES_AGGRESSIVE;
				CLANG_CXX_LANGUAGE_STANDARD = "gnu++20";
				CLANG_ENABLE_MODULES = YES;
				CLANG_ENABLE_OBJC_ARC = YES;
				CLANG_ENABLE_OBJC_WEAK = YES;
				CLANG_WARN_BLOCK_CAPTURE_AUTORELEASING = YES;
				CLANG_WARN_BOOL_CONVERSION = YES;
				CLANG_WARN_COMMA = YES;
				CLANG_WARN_CONSTANT_CONVERSION = YES;
				CLANG_WARN_DEPRECATED_OBJC_IMPLEMENTATIONS = YES;
				CLANG_WARN_DIRECT_OBJC_ISA_USAGE = YES_ERROR;
				CLANG_WARN_DOCUMENTATION_COMMENTS = YES;
				CLANG_WARN_EMPTY_BODY = YES;
				CLANG_WARN_ENUM_CONVERSION = YES;
				CLANG_WARN_INFINITE_RECURSION = YES;
				CLANG_WARN_INT_CONVERSION = YES;
				CLANG_WARN_NON_LITERAL_NULL_CONVERSION = YES;
				CLANG_WARN_OBJC_IMPLICIT_RETAIN_SELF = YES;
				CLANG_WARN_OBJC_LITERAL_CONVERSION = YES;
				CLANG_WARN_OBJC_ROOT_CLASS = YES_ERROR;
				CLANG_WARN_QUOTED_INCLUDE_IN_FRAMEWORK_HEADER = YES;
				CLANG_WARN_RANGE_LOOP_ANALYSIS = YES;
				CLANG_WARN_STRICT_PROTOTYPES = YES;
				CLANG_WARN_SUSPICIOUS_MOVE = YES;
				CLANG_WARN_UNGUARDED_AVAILABILITY = YES_AGGRESSIVE;
				CLANG_WARN_UNREACHABLE_CODE = YES;
				CLANG_WARN__DUPLICATE_METHOD_MATCH = YES;
				COPY_PHASE_STRIP = NO;
				DEBUG_INFORMATION_FORMAT = "dwarf-with-dsym";
				ENABLE_NS_ASSERTIONS = NO;
				ENABLE_STRICT_OBJC_MSGSEND = YES;
				GCC_C_LANGUAGE_STANDARD = gnu11;
				GCC_NO_COMMON_BLOCKS = YES;
				GCC_WARN_64_TO_32_BIT_CONVERSION = YES;
				GCC_WARN_ABOUT_RETURN_TYPE = YES_ERROR;
				GCC_WARN_UNDECLARED_SELECTOR = YES;
				GCC_WARN_UNINITIALIZED_AUTOS = YES_AGGRESSIVE;
				GCC_WARN_UNUSED_FUNCTION = YES;
				GCC_WARN_UNUSED_VARIABLE = YES;
				IPHONEOS_DEPLOYMENT_TARGET = 16.0;
				MTL_ENABLE_DEBUG_INFO = NO;
				MTL_FAST_MATH = YES;
				SDKROOT = iphoneos;
				SWIFT_COMPILATION_MODE = wholemodule;
				SWIFT_OPTIMIZATION_LEVEL = "-O";
				VALIDATE_PRODUCT = YES;
			};
			name = Release;
		};
		33DF022C2A092D9400D2FB6A /* Debug */ = {
			isa = XCBuildConfiguration;
			buildSettings = {
				ASSETCATALOG_COMPILER_APPICON_NAME = AppIcon;
				ASSETCATALOG_COMPILER_GLOBAL_ACCENT_COLOR_NAME = AccentColor;
				CODE_SIGN_STYLE = Automatic;
				CURRENT_PROJECT_VERSION = 1;
				DEVELOPMENT_TEAM = "";
				GENERATE_INFOPLIST_FILE = YES;
				INFOPLIST_FILE = YourSong/Info.plist;
				INFOPLIST_KEY_UIApplicationSupportsIndirectInputEvents = YES;
				INFOPLIST_KEY_UILaunchStoryboardName = LaunchScreen;
				INFOPLIST_KEY_UISupportedInterfaceOrientations_iPad = "UIInterfaceOrientationPortrait UIInterfaceOrientationPortraitUpsideDown UIInterfaceOrientationLandscapeLeft UIInterfaceOrientationLandscapeRight";
				INFOPLIST_KEY_UISupportedInterfaceOrientations_iPhone = "UIInterfaceOrientationPortrait UIInterfaceOrientationLandscapeLeft UIInterfaceOrientationLandscapeRight";
				LD_RUNPATH_SEARCH_PATHS = (
					"$(inherited)",
					"@executable_path/Frameworks",
				);
				MARKETING_VERSION = 1.0;
				PRODUCT_BUNDLE_IDENTIFIER = bgmunl.YourSong;
				PRODUCT_NAME = "$(TARGET_NAME)";
				SWIFT_EMIT_LOC_STRINGS = YES;
				SWIFT_VERSION = 5.0;
				TARGETED_DEVICE_FAMILY = "1,2";
			};
			name = Debug;
		};
		33DF022D2A092D9400D2FB6A /* Release */ = {
			isa = XCBuildConfiguration;
			buildSettings = {
				ASSETCATALOG_COMPILER_APPICON_NAME = AppIcon;
				ASSETCATALOG_COMPILER_GLOBAL_ACCENT_COLOR_NAME = AccentColor;
				CODE_SIGN_STYLE = Automatic;
				CURRENT_PROJECT_VERSION = 1;
				DEVELOPMENT_TEAM = "";
				GENERATE_INFOPLIST_FILE = YES;
				INFOPLIST_FILE = YourSong/Info.plist;
				INFOPLIST_KEY_UIApplicationSupportsIndirectInputEvents = YES;
				INFOPLIST_KEY_UILaunchStoryboardName = LaunchScreen;
				INFOPLIST_KEY_UISupportedInterfaceOrientations_iPad = "UIInterfaceOrientationPortrait UIInterfaceOrientationPortraitUpsideDown UIInterfaceOrientationLandscapeLeft UIInterfaceOrientationLandscapeRight";
				INFOPLIST_KEY_UISupportedInterfaceOrientations_iPhone = "UIInterfaceOrientationPortrait UIInterfaceOrientationLandscapeLeft UIInterfaceOrientationLandscapeRight";
				LD_RUNPATH_SEARCH_PATHS = (
					"$(inherited)",
					"@executable_path/Frameworks",
				);
				MARKETING_VERSION = 1.0;
				PRODUCT_BUNDLE_IDENTIFIER = bgmunl.YourSong;
				PRODUCT_NAME = "$(TARGET_NAME)";
				SWIFT_EMIT_LOC_STRINGS = YES;
				SWIFT_VERSION = 5.0;
				TARGETED_DEVICE_FAMILY = "1,2";
			};
			name = Release;
		};
/* End XCBuildConfiguration section */

/* Begin XCConfigurationList section */
		33DF020F2A092D9200D2FB6A /* Build configuration list for PBXProject "YourSong" */ = {
			isa = XCConfigurationList;
			buildConfigurations = (
				33DF02292A092D9400D2FB6A /* Debug */,
				33DF022A2A092D9400D2FB6A /* Release */,
			);
			defaultConfigurationIsVisible = 0;
			defaultConfigurationName = Release;
		};
		33DF022B2A092D9400D2FB6A /* Build configuration list for PBXNativeTarget "YourSong" */ = {
			isa = XCConfigurationList;
			buildConfigurations = (
				33DF022C2A092D9400D2FB6A /* Debug */,
				33DF022D2A092D9400D2FB6A /* Release */,
			);
			defaultConfigurationIsVisible = 0;
			defaultConfigurationName = Release;
		};
/* End XCConfigurationList section */

/* Begin XCVersionGroup section */
		33DF02202A092D9200D2FB6A /* YourSong.xcdatamodeld */ = {
			isa = XCVersionGroup;
			children = (
				33DF02212A092D9200D2FB6A /* YourSong.xcdatamodel */,
			);
			currentVersion = 33DF02212A092D9200D2FB6A /* YourSong.xcdatamodel */;
			path = YourSong.xcdatamodeld;
			sourceTree = "<group>";
			versionGroupType = wrapper.xcdatamodel;
		};
/* End XCVersionGroup section */
	};
	rootObject = 33DF020C2A092D9200D2FB6A /* Project object */;
}
